
Microsoft Visual Studio Solution File, Format Version 12.00
# Visual Studio Version 17
VisualStudioVersion = 17.7.34024.191
MinimumVisualStudioVersion = 10.0.40219.1
Project("{9A19103F-16F7-4668-BE54-9A1E7A4F7556}") = "TheWatch.App", "TheWatch\TheWatch.App\TheWatch.App.csproj", "{6A275315-4510-4F22-A9C4-6C8A173B7516}"
EndProject
Project("{9A19103F-16F7-4668-BE54-9A1E7A4F7556}") = "TheWatch.Client", "TheWatch\TheWatch.Client\TheWatch.Client.csproj", "{E492A939-7B16-4684-A96B-87213C758811}"
EndProject
Project("{9A19103F-16F7-4668-BE54-9A1E7A4F7556}") = "TheWatch.Server", "TheWatch\TheWatch.Server\TheWatch.Server.csproj", "{922928BA-1050-415E-BB76-F23292A34D02}"
EndProject
Project("{9A19103F-16F7-4668-BE54-9A1E7A4F7556}") = "TheWatch.Shared", "TheWatch\TheWatch.Shared\TheWatch.Shared.csproj", "{DEA991E2-8702-4911-AD21-A145C3F36735}"
EndProject
Project("{9A19103F-16F7-4668-BE54-9A1E7A4F7556}") = "TheWatch.Shared.Tests", "TheWatch\TheWatch.Shared.Tests\TheWatch.Shared.Tests.csproj", "{94797DFE-BF0B-4CE4-B259-E53C4CBCFDA7}"
EndProject
Project("{9A19103F-16F7-4668-BE54-9A1E7A4F7556}") = "TheWatch.CodeGenerator", "TheWatch.CodeGenerator\TheWatch.CodeGenerator.csproj", "{6D29B1D4-F4BB-4BF3-B1DF-9F9FC02FA7AF}"
EndProject
Project("{00D1A9C2-B5F0-4AF3-8072-F6C62B433612}") = "Watch.WatchSqlDb", "Watch.WatchSqlDb\Watch.WatchSqlDb.sqlproj", "{21364933-F1E4-43B7-BEC7-0F6233314371}"
EndProject
Project("{FAE04EC0-301F-11D3-BF4B-00C04F79EFBC}") = "VideoProcessingWorkerServices", "VideoProcessingWorkerServices\VideoProcessingWorkerServices.csproj", "{0B149C5A-E847-4C8C-B54B-833CE368A55B}"
EndProject
Project("{FAE04EC0-301F-11D3-BF4B-00C04F79EFBC}") = "AudioProcessingWorkerServices", "AudioProcessingWorkerServices\AudioProcessingWorkerServices.csproj", "{1F1B789D-E022-45F8-94BE-406AC9B8CC54}"
EndProject
Project("{FAE04EC0-301F-11D3-BF4B-00C04F79EFBC}") = "ArchiveWorkerServices", "ArchiveWorkerServices\ArchiveWorkerServices.csproj", "{26EABFA1-283E-45F3-8ACA-E7537E0AAAAF}"
EndProject
Project("{2150E333-8FDC-42A3-9474-1A3956D46DE8}") = "Server", "Server", "{7346D70A-7127-487A-9F81-F69C147AB40E}"
EndProject
Project("{2150E333-8FDC-42A3-9474-1A3956D46DE8}") = "Generators", "Generators", "{FD8E47B9-A20E-42CC-93C7-0E64921CF5F6}"
EndProject
Project("{2150E333-8FDC-42A3-9474-1A3956D46DE8}") = "Tests", "Tests", "{02DE08AB-CCCC-46E3-BC83-9B9CED1C7501}"
EndProject
Project("{2150E333-8FDC-42A3-9474-1A3956D46DE8}") = "SDKs", "SDKs", "{745A0455-F9FA-4FAB-86AC-52BD4B11C2D0}"
EndProject
Project("{2150E333-8FDC-42A3-9474-1A3956D46DE8}") = "AspNetCore", "AspNetCore", "{336DAFEE-E681-4723-88F6-81E9AA8BA663}"
EndProject
Project("{2150E333-8FDC-42A3-9474-1A3956D46DE8}") = "Maui", "Maui", "{BDD9DF0A-012F-4A8A-A7F0-CF3661CF1EC3}"
EndProject
Project("{2150E333-8FDC-42A3-9474-1A3956D46DE8}") = "Bots", "Bots", "{DBC38E6A-B62C-49F2-9638-0AD25C7101F3}"
EndProject
Project("{2150E333-8FDC-42A3-9474-1A3956D46DE8}") = "AWS", "AWS", "{7865D199-6AFB-4705-9FE4-67C65BBC35C8}"
EndProject
Project("{2150E333-8FDC-42A3-9474-1A3956D46DE8}") = "Azure", "Azure", "{0F58DD66-0861-4F08-98B5-ED0473A682EF}"
EndProject
Project("{2150E333-8FDC-42A3-9474-1A3956D46DE8}") = "Cognitive", "Cognitive", "{45638F2C-E004-4DE4-84ED-CC1110807F58}"
EndProject
Project("{2150E333-8FDC-42A3-9474-1A3956D46DE8}") = "ML", "ML", "{6E0A3683-1FA3-4186-BC4D-336DE3E534B3}"
EndProject
Project("{2150E333-8FDC-42A3-9474-1A3956D46DE8}") = "Web_UI", "Web_UI", "{D62A74B2-37DA-4D8D-B0CF-529DEA427DB8}"
EndProject
Project("{2150E333-8FDC-42A3-9474-1A3956D46DE8}") = "Console", "Console", "{BF76779F-303B-46B9-AB6F-18D97B1A8F7A}"
EndProject
Project("{2150E333-8FDC-42A3-9474-1A3956D46DE8}") = "Google", "Google", "{41B9F22F-9CE8-4298-A1BD-7F78A4778A67}"
EndProject
Project("{2150E333-8FDC-42A3-9474-1A3956D46DE8}") = "Baidu", "Baidu", "{F80B7290-B5D0-45BE-A4EC-6D06490877CE}"
EndProject
Project("{2150E333-8FDC-42A3-9474-1A3956D46DE8}") = "Identity", "Identity", "{06438101-2A03-483D-B9B4-A5C6E7FDCC46}"
EndProject
Project("{2150E333-8FDC-42A3-9474-1A3956D46DE8}") = "Server", "Server", "{365A4181-99D3-4A99-9ECF-D33603B10DDA}"
EndProject
Project("{2150E333-8FDC-42A3-9474-1A3956D46DE8}") = "Kestrel", "Kestrel", "{1DCF4FB7-6496-450F-B824-CBE469C9A8FD}"
EndProject
Project("{2150E333-8FDC-42A3-9474-1A3956D46DE8}") = "Node.js", "Node.js", "{56F34DEA-A936-47A8-8C60-8693D3AC2A80}"
EndProject
Project("{2150E333-8FDC-42A3-9474-1A3956D46DE8}") = "Interop", "Interop", "{7C1B8BDD-D70B-46F4-A6B6-7FC099066F63}"
EndProject
Project("{2150E333-8FDC-42A3-9474-1A3956D46DE8}") = "Roslyn", "Roslyn", "{F1A297EB-0DCC-4241-BC66-696173B78D66}"
EndProject
Project("{2150E333-8FDC-42A3-9474-1A3956D46DE8}") = "Blazor", "Blazor", "{8E288D10-07FE-43F7-8504-C36A108FFA11}"
EndProject
Project("{2150E333-8FDC-42A3-9474-1A3956D46DE8}") = "___", "___", "{F51B4AB7-C31C-4D3A-B687-05E0E3C902FA}"
EndProject
Project("{FAE04EC0-301F-11D3-BF4B-00C04F79EFBC}") = "Summary_Aggregator_5000", "Summary_Aggregator_5000\Summary_Aggregator_5000.csproj", "{FBFF914F-3196-4EAB-A7EE-F733C7D97277}"
EndProject
Project("{FAE04EC0-301F-11D3-BF4B-00C04F79EFBC}") = "Summary_Orders_Collector_5000", "Summary_Orders_Collector_5000\Summary_Orders_Collector_5000.csproj", "{BE922159-948D-4E5E-BB2E-3F3FD8F6B50A}"
EndProject
Project("{FAE04EC0-301F-11D3-BF4B-00C04F79EFBC}") = "DotRazor_Auth_Suggester_5000", "DotRazor_Auth_Suggester_5000\DotRazor_Auth_Suggester_5000.csproj", "{5B388128-10E9-4966-BDB1-C6000ABE641B}"
EndProject
Project("{FAE04EC0-301F-11D3-BF4B-00C04F79EFBC}") = "Controller_Builder_5000", "Controller_Builder_5000\Controller_Builder_5000.csproj", "{417BAA34-03DB-4E0E-A639-15CF0CD47BC1}"
EndProject
Project("{FAE04EC0-301F-11D3-BF4B-00C04F79EFBC}") = "Summary_Updater_5000", "Summary_Updater_5000\Summary_Updater_5000.csproj", "{2264BFBD-5DB0-4B03-9A61-C10EF2060B04}"
EndProject
Project("{FAE04EC0-301F-11D3-BF4B-00C04F79EFBC}") = "SDK_File_Suggester", "SDK_File_Suggester\SDK_File_Suggester.csproj", "{FE5A906B-1EBE-4D35-81A4-F4AED4552BA2}"
EndProject
Project("{FAE04EC0-301F-11D3-BF4B-00C04F79EFBC}") = "Class_Builder_5000", "Class_Builder_5000\Class_Builder_5000.csproj", "{A3817CD9-E15F-4645-B78C-BDEDCD4BE2F3}"
EndProject
Project("{FAE04EC0-301F-11D3-BF4B-00C04F79EFBC}") = "Localization_Function_Suggester_5000", "Localization_Function_Suggester_5000\Localization_Function_Suggester_5000.csproj", "{D44A16AC-9D16-4748-A845-30FCC0E7AC7C}"
EndProject
Project("{FAE04EC0-301F-11D3-BF4B-00C04F79EFBC}") = "Fluent_Blazor_Form_Builder_5000", "Fluent_Blazor_Form_Builder_5000\Fluent_Blazor_Form_Builder_5000.csproj", "{8B7F384B-853B-474D-8450-AE8674779769}"
EndProject
Project("{FAE04EC0-301F-11D3-BF4B-00C04F79EFBC}") = "Data_Model_Suggester_5000", "Data_Model_Suggester_5000\Data_Model_Suggester_5000.csproj", "{9C36BEFE-867C-46CB-9730-FBB3C4568E1D}"
EndProject
Project("{2150E333-8FDC-42A3-9474-1A3956D46DE8}") = "Marshalling_File", "Marshalling_File", "{794A548A-D0FC-48DB-BE3C-C7DF37B1F6DB}"
EndProject
Project("{2150E333-8FDC-42A3-9474-1A3956D46DE8}") = "Marshalling_File_XO", "Marshalling_File_XO", "{41EFB164-6722-4BC3-AA70-C7635BAAA396}"
EndProject
Project("{2150E333-8FDC-42A3-9474-1A3956D46DE8}") = "Marshalling_File_Map_Room", "Marshalling_File_Map_Room", "{1B43B468-C589-4252-9988-480C6BBD62CC}"
EndProject
Project("{FAE04EC0-301F-11D3-BF4B-00C04F79EFBC}") = "Marshal_5000", "Marshal_5000\Marshal_5000.csproj", "{665F1474-BD8B-49A1-BC02-62982935A436}"
EndProject
Global
	GlobalSection(SolutionConfigurationPlatforms) = preSolution
		Debug|Any CPU = Debug|Any CPU
		Release|Any CPU = Release|Any CPU
	EndGlobalSection
	GlobalSection(ProjectConfigurationPlatforms) = postSolution
		{6A275315-4510-4F22-A9C4-6C8A173B7516}.Debug|Any CPU.ActiveCfg = Debug|Any CPU
		{6A275315-4510-4F22-A9C4-6C8A173B7516}.Debug|Any CPU.Build.0 = Debug|Any CPU
		{6A275315-4510-4F22-A9C4-6C8A173B7516}.Debug|Any CPU.Deploy.0 = Debug|Any CPU
		{6A275315-4510-4F22-A9C4-6C8A173B7516}.Release|Any CPU.ActiveCfg = Release|Any CPU
		{6A275315-4510-4F22-A9C4-6C8A173B7516}.Release|Any CPU.Build.0 = Release|Any CPU
		{6A275315-4510-4F22-A9C4-6C8A173B7516}.Release|Any CPU.Deploy.0 = Release|Any CPU
		{E492A939-7B16-4684-A96B-87213C758811}.Debug|Any CPU.ActiveCfg = Debug|Any CPU
		{E492A939-7B16-4684-A96B-87213C758811}.Debug|Any CPU.Build.0 = Debug|Any CPU
		{E492A939-7B16-4684-A96B-87213C758811}.Release|Any CPU.ActiveCfg = Release|Any CPU
		{E492A939-7B16-4684-A96B-87213C758811}.Release|Any CPU.Build.0 = Release|Any CPU
		{922928BA-1050-415E-BB76-F23292A34D02}.Debug|Any CPU.ActiveCfg = Debug|Any CPU
		{922928BA-1050-415E-BB76-F23292A34D02}.Debug|Any CPU.Build.0 = Debug|Any CPU
		{922928BA-1050-415E-BB76-F23292A34D02}.Release|Any CPU.ActiveCfg = Release|Any CPU
		{922928BA-1050-415E-BB76-F23292A34D02}.Release|Any CPU.Build.0 = Release|Any CPU
		{DEA991E2-8702-4911-AD21-A145C3F36735}.Debug|Any CPU.ActiveCfg = Debug|Any CPU
		{DEA991E2-8702-4911-AD21-A145C3F36735}.Debug|Any CPU.Build.0 = Debug|Any CPU
		{DEA991E2-8702-4911-AD21-A145C3F36735}.Release|Any CPU.ActiveCfg = Release|Any CPU
		{DEA991E2-8702-4911-AD21-A145C3F36735}.Release|Any CPU.Build.0 = Release|Any CPU
		{94797DFE-BF0B-4CE4-B259-E53C4CBCFDA7}.Debug|Any CPU.ActiveCfg = Debug|Any CPU
		{94797DFE-BF0B-4CE4-B259-E53C4CBCFDA7}.Debug|Any CPU.Build.0 = Debug|Any CPU
		{94797DFE-BF0B-4CE4-B259-E53C4CBCFDA7}.Release|Any CPU.ActiveCfg = Release|Any CPU
		{94797DFE-BF0B-4CE4-B259-E53C4CBCFDA7}.Release|Any CPU.Build.0 = Release|Any CPU
		{6D29B1D4-F4BB-4BF3-B1DF-9F9FC02FA7AF}.Debug|Any CPU.ActiveCfg = Debug|Any CPU
		{6D29B1D4-F4BB-4BF3-B1DF-9F9FC02FA7AF}.Debug|Any CPU.Build.0 = Debug|Any CPU
		{6D29B1D4-F4BB-4BF3-B1DF-9F9FC02FA7AF}.Release|Any CPU.ActiveCfg = Release|Any CPU
		{6D29B1D4-F4BB-4BF3-B1DF-9F9FC02FA7AF}.Release|Any CPU.Build.0 = Release|Any CPU
		{21364933-F1E4-43B7-BEC7-0F6233314371}.Debug|Any CPU.ActiveCfg = Debug|Any CPU
		{21364933-F1E4-43B7-BEC7-0F6233314371}.Debug|Any CPU.Build.0 = Debug|Any CPU
		{21364933-F1E4-43B7-BEC7-0F6233314371}.Debug|Any CPU.Deploy.0 = Debug|Any CPU
		{21364933-F1E4-43B7-BEC7-0F6233314371}.Release|Any CPU.ActiveCfg = Release|Any CPU
		{21364933-F1E4-43B7-BEC7-0F6233314371}.Release|Any CPU.Build.0 = Release|Any CPU
		{21364933-F1E4-43B7-BEC7-0F6233314371}.Release|Any CPU.Deploy.0 = Release|Any CPU
		{0B149C5A-E847-4C8C-B54B-833CE368A55B}.Debug|Any CPU.ActiveCfg = Debug|Any CPU
		{0B149C5A-E847-4C8C-B54B-833CE368A55B}.Debug|Any CPU.Build.0 = Debug|Any CPU
		{0B149C5A-E847-4C8C-B54B-833CE368A55B}.Release|Any CPU.ActiveCfg = Release|Any CPU
		{0B149C5A-E847-4C8C-B54B-833CE368A55B}.Release|Any CPU.Build.0 = Release|Any CPU
		{1F1B789D-E022-45F8-94BE-406AC9B8CC54}.Debug|Any CPU.ActiveCfg = Debug|Any CPU
		{1F1B789D-E022-45F8-94BE-406AC9B8CC54}.Debug|Any CPU.Build.0 = Debug|Any CPU
		{1F1B789D-E022-45F8-94BE-406AC9B8CC54}.Release|Any CPU.ActiveCfg = Release|Any CPU
		{1F1B789D-E022-45F8-94BE-406AC9B8CC54}.Release|Any CPU.Build.0 = Release|Any CPU
		{26EABFA1-283E-45F3-8ACA-E7537E0AAAAF}.Debug|Any CPU.ActiveCfg = Debug|Any CPU
		{26EABFA1-283E-45F3-8ACA-E7537E0AAAAF}.Debug|Any CPU.Build.0 = Debug|Any CPU
		{26EABFA1-283E-45F3-8ACA-E7537E0AAAAF}.Release|Any CPU.ActiveCfg = Release|Any CPU
		{26EABFA1-283E-45F3-8ACA-E7537E0AAAAF}.Release|Any CPU.Build.0 = Release|Any CPU
		{FBFF914F-3196-4EAB-A7EE-F733C7D97277}.Debug|Any CPU.ActiveCfg = Debug|Any CPU
		{FBFF914F-3196-4EAB-A7EE-F733C7D97277}.Debug|Any CPU.Build.0 = Debug|Any CPU
		{FBFF914F-3196-4EAB-A7EE-F733C7D97277}.Release|Any CPU.ActiveCfg = Release|Any CPU
		{FBFF914F-3196-4EAB-A7EE-F733C7D97277}.Release|Any CPU.Build.0 = Release|Any CPU
		{BE922159-948D-4E5E-BB2E-3F3FD8F6B50A}.Debug|Any CPU.ActiveCfg = Debug|Any CPU
		{BE922159-948D-4E5E-BB2E-3F3FD8F6B50A}.Debug|Any CPU.Build.0 = Debug|Any CPU
		{BE922159-948D-4E5E-BB2E-3F3FD8F6B50A}.Release|Any CPU.ActiveCfg = Release|Any CPU
		{BE922159-948D-4E5E-BB2E-3F3FD8F6B50A}.Release|Any CPU.Build.0 = Release|Any CPU
		{5B388128-10E9-4966-BDB1-C6000ABE641B}.Debug|Any CPU.ActiveCfg = Debug|Any CPU
		{5B388128-10E9-4966-BDB1-C6000ABE641B}.Debug|Any CPU.Build.0 = Debug|Any CPU
		{5B388128-10E9-4966-BDB1-C6000ABE641B}.Release|Any CPU.ActiveCfg = Release|Any CPU
		{5B388128-10E9-4966-BDB1-C6000ABE641B}.Release|Any CPU.Build.0 = Release|Any CPU
		{417BAA34-03DB-4E0E-A639-15CF0CD47BC1}.Debug|Any CPU.ActiveCfg = Debug|Any CPU
		{417BAA34-03DB-4E0E-A639-15CF0CD47BC1}.Debug|Any CPU.Build.0 = Debug|Any CPU
		{417BAA34-03DB-4E0E-A639-15CF0CD47BC1}.Release|Any CPU.ActiveCfg = Release|Any CPU
		{417BAA34-03DB-4E0E-A639-15CF0CD47BC1}.Release|Any CPU.Build.0 = Release|Any CPU
		{2264BFBD-5DB0-4B03-9A61-C10EF2060B04}.Debug|Any CPU.ActiveCfg = Debug|Any CPU
		{2264BFBD-5DB0-4B03-9A61-C10EF2060B04}.Debug|Any CPU.Build.0 = Debug|Any CPU
		{2264BFBD-5DB0-4B03-9A61-C10EF2060B04}.Release|Any CPU.ActiveCfg = Release|Any CPU
		{2264BFBD-5DB0-4B03-9A61-C10EF2060B04}.Release|Any CPU.Build.0 = Release|Any CPU
		{FE5A906B-1EBE-4D35-81A4-F4AED4552BA2}.Debug|Any CPU.ActiveCfg = Debug|Any CPU
		{FE5A906B-1EBE-4D35-81A4-F4AED4552BA2}.Debug|Any CPU.Build.0 = Debug|Any CPU
		{FE5A906B-1EBE-4D35-81A4-F4AED4552BA2}.Release|Any CPU.ActiveCfg = Release|Any CPU
		{FE5A906B-1EBE-4D35-81A4-F4AED4552BA2}.Release|Any CPU.Build.0 = Release|Any CPU
		{A3817CD9-E15F-4645-B78C-BDEDCD4BE2F3}.Debug|Any CPU.ActiveCfg = Debug|Any CPU
		{A3817CD9-E15F-4645-B78C-BDEDCD4BE2F3}.Debug|Any CPU.Build.0 = Debug|Any CPU
		{A3817CD9-E15F-4645-B78C-BDEDCD4BE2F3}.Release|Any CPU.ActiveCfg = Release|Any CPU
		{A3817CD9-E15F-4645-B78C-BDEDCD4BE2F3}.Release|Any CPU.Build.0 = Release|Any CPU
		{D44A16AC-9D16-4748-A845-30FCC0E7AC7C}.Debug|Any CPU.ActiveCfg = Debug|Any CPU
		{D44A16AC-9D16-4748-A845-30FCC0E7AC7C}.Debug|Any CPU.Build.0 = Debug|Any CPU
		{D44A16AC-9D16-4748-A845-30FCC0E7AC7C}.Release|Any CPU.ActiveCfg = Release|Any CPU
		{D44A16AC-9D16-4748-A845-30FCC0E7AC7C}.Release|Any CPU.Build.0 = Release|Any CPU
		{8B7F384B-853B-474D-8450-AE8674779769}.Debug|Any CPU.ActiveCfg = Debug|Any CPU
		{8B7F384B-853B-474D-8450-AE8674779769}.Debug|Any CPU.Build.0 = Debug|Any CPU
		{8B7F384B-853B-474D-8450-AE8674779769}.Release|Any CPU.ActiveCfg = Release|Any CPU
		{8B7F384B-853B-474D-8450-AE8674779769}.Release|Any CPU.Build.0 = Release|Any CPU
		{9C36BEFE-867C-46CB-9730-FBB3C4568E1D}.Debug|Any CPU.ActiveCfg = Debug|Any CPU
		{9C36BEFE-867C-46CB-9730-FBB3C4568E1D}.Debug|Any CPU.Build.0 = Debug|Any CPU
		{9C36BEFE-867C-46CB-9730-FBB3C4568E1D}.Release|Any CPU.ActiveCfg = Release|Any CPU
		{9C36BEFE-867C-46CB-9730-FBB3C4568E1D}.Release|Any CPU.Build.0 = Release|Any CPU
		{665F1474-BD8B-49A1-BC02-62982935A436}.Debug|Any CPU.ActiveCfg = Debug|Any CPU
		{665F1474-BD8B-49A1-BC02-62982935A436}.Debug|Any CPU.Build.0 = Debug|Any CPU
		{665F1474-BD8B-49A1-BC02-62982935A436}.Release|Any CPU.ActiveCfg = Release|Any CPU
		{665F1474-BD8B-49A1-BC02-62982935A436}.Release|Any CPU.Build.0 = Release|Any CPU
	EndGlobalSection
	GlobalSection(SolutionProperties) = preSolution
		HideSolutionNode = FALSE
	EndGlobalSection
	GlobalSection(NestedProjects) = preSolution
		{94797DFE-BF0B-4CE4-B259-E53C4CBCFDA7} = {02DE08AB-CCCC-46E3-BC83-9B9CED1C7501}
		{6D29B1D4-F4BB-4BF3-B1DF-9F9FC02FA7AF} = {BF76779F-303B-46B9-AB6F-18D97B1A8F7A}
		{21364933-F1E4-43B7-BEC7-0F6233314371} = {7346D70A-7127-487A-9F81-F69C147AB40E}
		{0B149C5A-E847-4C8C-B54B-833CE368A55B} = {7346D70A-7127-487A-9F81-F69C147AB40E}
		{1F1B789D-E022-45F8-94BE-406AC9B8CC54} = {7346D70A-7127-487A-9F81-F69C147AB40E}
		{26EABFA1-283E-45F3-8ACA-E7537E0AAAAF} = {7346D70A-7127-487A-9F81-F69C147AB40E}
		{336DAFEE-E681-4723-88F6-81E9AA8BA663} = {745A0455-F9FA-4FAB-86AC-52BD4B11C2D0}
		{BDD9DF0A-012F-4A8A-A7F0-CF3661CF1EC3} = {745A0455-F9FA-4FAB-86AC-52BD4B11C2D0}
		{DBC38E6A-B62C-49F2-9638-0AD25C7101F3} = {745A0455-F9FA-4FAB-86AC-52BD4B11C2D0}
		{7865D199-6AFB-4705-9FE4-67C65BBC35C8} = {745A0455-F9FA-4FAB-86AC-52BD4B11C2D0}
		{0F58DD66-0861-4F08-98B5-ED0473A682EF} = {745A0455-F9FA-4FAB-86AC-52BD4B11C2D0}
		{45638F2C-E004-4DE4-84ED-CC1110807F58} = {745A0455-F9FA-4FAB-86AC-52BD4B11C2D0}
		{6E0A3683-1FA3-4186-BC4D-336DE3E534B3} = {745A0455-F9FA-4FAB-86AC-52BD4B11C2D0}
		{D62A74B2-37DA-4D8D-B0CF-529DEA427DB8} = {FD8E47B9-A20E-42CC-93C7-0E64921CF5F6}
		{BF76779F-303B-46B9-AB6F-18D97B1A8F7A} = {FD8E47B9-A20E-42CC-93C7-0E64921CF5F6}
		{41B9F22F-9CE8-4298-A1BD-7F78A4778A67} = {745A0455-F9FA-4FAB-86AC-52BD4B11C2D0}
		{F80B7290-B5D0-45BE-A4EC-6D06490877CE} = {745A0455-F9FA-4FAB-86AC-52BD4B11C2D0}
		{06438101-2A03-483D-B9B4-A5C6E7FDCC46} = {336DAFEE-E681-4723-88F6-81E9AA8BA663}
		{365A4181-99D3-4A99-9ECF-D33603B10DDA} = {336DAFEE-E681-4723-88F6-81E9AA8BA663}
		{1DCF4FB7-6496-450F-B824-CBE469C9A8FD} = {365A4181-99D3-4A99-9ECF-D33603B10DDA}
		{56F34DEA-A936-47A8-8C60-8693D3AC2A80} = {745A0455-F9FA-4FAB-86AC-52BD4B11C2D0}
		{7C1B8BDD-D70B-46F4-A6B6-7FC099066F63} = {745A0455-F9FA-4FAB-86AC-52BD4B11C2D0}
		{F1A297EB-0DCC-4241-BC66-696173B78D66} = {745A0455-F9FA-4FAB-86AC-52BD4B11C2D0}
		{8E288D10-07FE-43F7-8504-C36A108FFA11} = {745A0455-F9FA-4FAB-86AC-52BD4B11C2D0}
		{FBFF914F-3196-4EAB-A7EE-F733C7D97277} = {BF76779F-303B-46B9-AB6F-18D97B1A8F7A}
		{BE922159-948D-4E5E-BB2E-3F3FD8F6B50A} = {BF76779F-303B-46B9-AB6F-18D97B1A8F7A}
		{5B388128-10E9-4966-BDB1-C6000ABE641B} = {BF76779F-303B-46B9-AB6F-18D97B1A8F7A}
		{417BAA34-03DB-4E0E-A639-15CF0CD47BC1} = {BF76779F-303B-46B9-AB6F-18D97B1A8F7A}
		{2264BFBD-5DB0-4B03-9A61-C10EF2060B04} = {BF76779F-303B-46B9-AB6F-18D97B1A8F7A}
		{FE5A906B-1EBE-4D35-81A4-F4AED4552BA2} = {BF76779F-303B-46B9-AB6F-18D97B1A8F7A}
		{A3817CD9-E15F-4645-B78C-BDEDCD4BE2F3} = {BF76779F-303B-46B9-AB6F-18D97B1A8F7A}
		{D44A16AC-9D16-4748-A845-30FCC0E7AC7C} = {BF76779F-303B-46B9-AB6F-18D97B1A8F7A}
		{8B7F384B-853B-474D-8450-AE8674779769} = {BF76779F-303B-46B9-AB6F-18D97B1A8F7A}
		{9C36BEFE-867C-46CB-9730-FBB3C4568E1D} = {BF76779F-303B-46B9-AB6F-18D97B1A8F7A}
		{794A548A-D0FC-48DB-BE3C-C7DF37B1F6DB} = {BF76779F-303B-46B9-AB6F-18D97B1A8F7A}
		{41EFB164-6722-4BC3-AA70-C7635BAAA396} = {BF76779F-303B-46B9-AB6F-18D97B1A8F7A}
		{1B43B468-C589-4252-9988-480C6BBD62CC} = {BF76779F-303B-46B9-AB6F-18D97B1A8F7A}
		{665F1474-BD8B-49A1-BC02-62982935A436} = {794A548A-D0FC-48DB-BE3C-C7DF37B1F6DB}
	EndGlobalSection
	GlobalSection(ExtensibilityGlobals) = postSolution
		SolutionGuid = {3E877BB8-11CF-46EC-AD7C-3FE8EC8275F2}
	EndGlobalSection
EndGlobal
